
Microsoft Visual Studio Solution File, Format Version 12.00
# Visual Studio 14
VisualStudioVersion = 14.0.25420.1
MinimumVisualStudioVersion = 10.0.40219.1
Project("{2150E333-8FDC-42A3-9474-1A3956D46DE8}") = "Engine", "Engine", "{B03FEF3A-D1FD-4D0B-9A8F-6F54C777AECF}"
EndProject
Project("{2150E333-8FDC-42A3-9474-1A3956D46DE8}") = "Games", "Games", "{7058DF08-BFE9-462E-A688-72082E09306A}"
EndProject
Project("{8BC9CEB8-8B4A-11D0-8D11-00A0C91BC942}") = "UE4", "Intermediate\ProjectFiles\UE4.vcxproj", "{18B4C9DD-FA91-4844-A390-3F81BEF8FB04}"
EndProject
Project("{8BC9CEB8-8B4A-11D0-8D11-00A0C91BC942}") = "BuildingEscape", "Intermediate\ProjectFiles\BuildingEscape.vcxproj", "{E0688D84-FAD0-40A0-BB58-F14F6BC29187}"
EndProject
Global
	GlobalSection(SolutionConfigurationPlatforms) = preSolution
		DebugGame Editor|HTML5 = DebugGame Editor|HTML5
		DebugGame Editor|IOS = DebugGame Editor|IOS
		DebugGame Editor|Win32 = DebugGame Editor|Win32
		DebugGame Editor|Win64 = DebugGame Editor|Win64
		DebugGame|HTML5 = DebugGame|HTML5
		DebugGame|IOS = DebugGame|IOS
		DebugGame|Win32 = DebugGame|Win32
		DebugGame|Win64 = DebugGame|Win64
		Development Editor|HTML5 = Development Editor|HTML5
		Development Editor|IOS = Development Editor|IOS
		Development Editor|Win32 = Development Editor|Win32
		Development Editor|Win64 = Development Editor|Win64
		Development|HTML5 = Development|HTML5
		Development|IOS = Development|IOS
		Development|Win32 = Development|Win32
		Development|Win64 = Development|Win64
		Shipping|HTML5 = Shipping|HTML5
		Shipping|IOS = Shipping|IOS
		Shipping|Win32 = Shipping|Win32
		Shipping|Win64 = Shipping|Win64
	EndGlobalSection
	GlobalSection(ProjectConfigurationPlatforms) = postSolution
		{18B4C9DD-FA91-4844-A390-3F81BEF8FB04}.DebugGame Editor|HTML5.ActiveCfg = BuiltWithUnrealBuildTool|Win32
		{18B4C9DD-FA91-4844-A390-3F81BEF8FB04}.DebugGame Editor|HTML5.Build.0 = BuiltWithUnrealBuildTool|Win32
		{18B4C9DD-FA91-4844-A390-3F81BEF8FB04}.DebugGame Editor|IOS.ActiveCfg = BuiltWithUnrealBuildTool|Win32
		{18B4C9DD-FA91-4844-A390-3F81BEF8FB04}.DebugGame Editor|IOS.Build.0 = BuiltWithUnrealBuildTool|Win32
		{18B4C9DD-FA91-4844-A390-3F81BEF8FB04}.DebugGame Editor|Win32.ActiveCfg = BuiltWithUnrealBuildTool|Win32
		{18B4C9DD-FA91-4844-A390-3F81BEF8FB04}.DebugGame Editor|Win32.Build.0 = BuiltWithUnrealBuildTool|Win32
		{18B4C9DD-FA91-4844-A390-3F81BEF8FB04}.DebugGame Editor|Win64.ActiveCfg = BuiltWithUnrealBuildTool|Win32
		{18B4C9DD-FA91-4844-A390-3F81BEF8FB04}.DebugGame Editor|Win64.Build.0 = BuiltWithUnrealBuildTool|Win32
		{18B4C9DD-FA91-4844-A390-3F81BEF8FB04}.DebugGame|HTML5.ActiveCfg = BuiltWithUnrealBuildTool|Win32
		{18B4C9DD-FA91-4844-A390-3F81BEF8FB04}.DebugGame|HTML5.Build.0 = BuiltWithUnrealBuildTool|Win32
		{18B4C9DD-FA91-4844-A390-3F81BEF8FB04}.DebugGame|IOS.ActiveCfg = BuiltWithUnrealBuildTool|Win32
		{18B4C9DD-FA91-4844-A390-3F81BEF8FB04}.DebugGame|IOS.Build.0 = BuiltWithUnrealBuildTool|Win32
		{18B4C9DD-FA91-4844-A390-3F81BEF8FB04}.DebugGame|Win32.ActiveCfg = BuiltWithUnrealBuildTool|Win32
		{18B4C9DD-FA91-4844-A390-3F81BEF8FB04}.DebugGame|Win32.Build.0 = BuiltWithUnrealBuildTool|Win32
		{18B4C9DD-FA91-4844-A390-3F81BEF8FB04}.DebugGame|Win64.ActiveCfg = BuiltWithUnrealBuildTool|Win32
		{18B4C9DD-FA91-4844-A390-3F81BEF8FB04}.DebugGame|Win64.Build.0 = BuiltWithUnrealBuildTool|Win32
		{18B4C9DD-FA91-4844-A390-3F81BEF8FB04}.Development Editor|HTML5.ActiveCfg = BuiltWithUnrealBuildTool|Win32
		{18B4C9DD-FA91-4844-A390-3F81BEF8FB04}.Development Editor|HTML5.Build.0 = BuiltWithUnrealBuildTool|Win32
		{18B4C9DD-FA91-4844-A390-3F81BEF8FB04}.Development Editor|IOS.ActiveCfg = BuiltWithUnrealBuildTool|Win32
		{18B4C9DD-FA91-4844-A390-3F81BEF8FB04}.Development Editor|IOS.Build.0 = BuiltWithUnrealBuildTool|Win32
		{18B4C9DD-FA91-4844-A390-3F81BEF8FB04}.Development Editor|Win32.ActiveCfg = BuiltWithUnrealBuildTool|Win32
		{18B4C9DD-FA91-4844-A390-3F81BEF8FB04}.Development Editor|Win32.Build.0 = BuiltWithUnrealBuildTool|Win32
		{18B4C9DD-FA91-4844-A390-3F81BEF8FB04}.Development Editor|Win64.ActiveCfg = BuiltWithUnrealBuildTool|Win32
		{18B4C9DD-FA91-4844-A390-3F81BEF8FB04}.Development Editor|Win64.Build.0 = BuiltWithUnrealBuildTool|Win32
		{18B4C9DD-FA91-4844-A390-3F81BEF8FB04}.Development|HTML5.ActiveCfg = BuiltWithUnrealBuildTool|Win32
		{18B4C9DD-FA91-4844-A390-3F81BEF8FB04}.Development|HTML5.Build.0 = BuiltWithUnrealBuildTool|Win32
		{18B4C9DD-FA91-4844-A390-3F81BEF8FB04}.Development|IOS.ActiveCfg = BuiltWithUnrealBuildTool|Win32
		{18B4C9DD-FA91-4844-A390-3F81BEF8FB04}.Development|IOS.Build.0 = BuiltWithUnrealBuildTool|Win32
		{18B4C9DD-FA91-4844-A390-3F81BEF8FB04}.Development|Win32.ActiveCfg = BuiltWithUnrealBuildTool|Win32
		{18B4C9DD-FA91-4844-A390-3F81BEF8FB04}.Development|Win32.Build.0 = BuiltWithUnrealBuildTool|Win32
		{18B4C9DD-FA91-4844-A390-3F81BEF8FB04}.Development|Win64.ActiveCfg = BuiltWithUnrealBuildTool|Win32
		{18B4C9DD-FA91-4844-A390-3F81BEF8FB04}.Development|Win64.Build.0 = BuiltWithUnrealBuildTool|Win32
		{18B4C9DD-FA91-4844-A390-3F81BEF8FB04}.Shipping|HTML5.ActiveCfg = BuiltWithUnrealBuildTool|Win32
		{18B4C9DD-FA91-4844-A390-3F81BEF8FB04}.Shipping|HTML5.Build.0 = BuiltWithUnrealBuildTool|Win32
		{18B4C9DD-FA91-4844-A390-3F81BEF8FB04}.Shipping|IOS.ActiveCfg = BuiltWithUnrealBuildTool|Win32
		{18B4C9DD-FA91-4844-A390-3F81BEF8FB04}.Shipping|IOS.Build.0 = BuiltWithUnrealBuildTool|Win32
		{18B4C9DD-FA91-4844-A390-3F81BEF8FB04}.Shipping|Win32.ActiveCfg = BuiltWithUnrealBuildTool|Win32
		{18B4C9DD-FA91-4844-A390-3F81BEF8FB04}.Shipping|Win32.Build.0 = BuiltWithUnrealBuildTool|Win32
		{18B4C9DD-FA91-4844-A390-3F81BEF8FB04}.Shipping|Win64.ActiveCfg = BuiltWithUnrealBuildTool|Win32
		{18B4C9DD-FA91-4844-A390-3F81BEF8FB04}.Shipping|Win64.Build.0 = BuiltWithUnrealBuildTool|Win32
		{E0688D84-FAD0-40A0-BB58-F14F6BC29187}.DebugGame Editor|HTML5.ActiveCfg = HTML5_DebugGame_Editor|Win32
		{E0688D84-FAD0-40A0-BB58-F14F6BC29187}.DebugGame Editor|IOS.ActiveCfg = IOS_DebugGame_Editor|Win32
		{E0688D84-FAD0-40A0-BB58-F14F6BC29187}.DebugGame Editor|Win32.ActiveCfg = DebugGame_Editor|Win32
		{E0688D84-FAD0-40A0-BB58-F14F6BC29187}.DebugGame Editor|Win64.ActiveCfg = DebugGame_Editor|x64
		{E0688D84-FAD0-40A0-BB58-F14F6BC29187}.DebugGame Editor|Win64.Build.0 = DebugGame_Editor|x64
		{E0688D84-FAD0-40A0-BB58-F14F6BC29187}.DebugGame|HTML5.ActiveCfg = HTML5_DebugGame_Game|Win32
		{E0688D84-FAD0-40A0-BB58-F14F6BC29187}.DebugGame|HTML5.Build.0 = HTML5_DebugGame_Game|Win32
		{E0688D84-FAD0-40A0-BB58-F14F6BC29187}.DebugGame|IOS.ActiveCfg = IOS_DebugGame_Game|Win32
		{E0688D84-FAD0-40A0-BB58-F14F6BC29187}.DebugGame|IOS.Build.0 = IOS_DebugGame_Game|Win32
		{E0688D84-FAD0-40A0-BB58-F14F6BC29187}.DebugGame|Win32.ActiveCfg = DebugGame_Game|Win32
		{E0688D84-FAD0-40A0-BB58-F14F6BC29187}.DebugGame|Win32.Build.0 = DebugGame_Game|Win32
		{E0688D84-FAD0-40A0-BB58-F14F6BC29187}.DebugGame|Win64.ActiveCfg = DebugGame_Game|x64
		{E0688D84-FAD0-40A0-BB58-F14F6BC29187}.DebugGame|Win64.Build.0 = DebugGame_Game|x64
		{E0688D84-FAD0-40A0-BB58-F14F6BC29187}.Development Editor|HTML5.ActiveCfg = HTML5_Development_Editor|Win32
		{E0688D84-FAD0-40A0-BB58-F14F6BC29187}.Development Editor|IOS.ActiveCfg = IOS_Development_Editor|Win32
		{E0688D84-FAD0-40A0-BB58-F14F6BC29187}.Development Editor|Win32.ActiveCfg = Development_Editor|Win32
		{E0688D84-FAD0-40A0-BB58-F14F6BC29187}.Development Editor|Win64.ActiveCfg = Development_Editor|x64
		{E0688D84-FAD0-40A0-BB58-F14F6BC29187}.Development Editor|Win64.Build.0 = Development_Editor|x64
		{E0688D84-FAD0-40A0-BB58-F14F6BC29187}.Development|HTML5.ActiveCfg = HTML5_Development_Game|Win32
		{E0688D84-FAD0-40A0-BB58-F14F6BC29187}.Development|HTML5.Build.0 = HTML5_Development_Game|Win32
		{E0688D84-FAD0-40A0-BB58-F14F6BC29187}.Development|IOS.ActiveCfg = IOS_Development_Game|Win32
		{E0688D84-FAD0-40A0-BB58-F14F6BC29187}.Development|IOS.Build.0 = IOS_Development_Game|Win32
		{E0688D84-FAD0-40A0-BB58-F14F6BC29187}.Development|Win32.ActiveCfg = Development_Game|Win32
		{E0688D84-FAD0-40A0-BB58-F14F6BC29187}.Development|Win32.Build.0 = Development_Game|Win32
		{E0688D84-FAD0-40A0-BB58-F14F6BC29187}.Development|Win64.ActiveCfg = Development_Game|x64
		{E0688D84-FAD0-40A0-BB58-F14F6BC29187}.Development|Win64.Build.0 = Development_Game|x64
		{E0688D84-FAD0-40A0-BB58-F14F6BC29187}.Shipping|HTML5.ActiveCfg = HTML5_Shipping_Game|Win32
		{E0688D84-FAD0-40A0-BB58-F14F6BC29187}.Shipping|HTML5.Build.0 = HTML5_Shipping_Game|Win32
		{E0688D84-FAD0-40A0-BB58-F14F6BC29187}.Shipping|IOS.ActiveCfg = IOS_Shipping_Game|Win32
		{E0688D84-FAD0-40A0-BB58-F14F6BC29187}.Shipping|IOS.Build.0 = IOS_Shipping_Game|Win32
		{E0688D84-FAD0-40A0-BB58-F14F6BC29187}.Shipping|Win32.ActiveCfg = Shipping_Game|Win32
		{E0688D84-FAD0-40A0-BB58-F14F6BC29187}.Shipping|Win32.Build.0 = Shipping_Game|Win32
		{E0688D84-FAD0-40A0-BB58-F14F6BC29187}.Shipping|Win64.ActiveCfg = Shipping_Game|x64
		{E0688D84-FAD0-40A0-BB58-F14F6BC29187}.Shipping|Win64.Build.0 = Shipping_Game|x64
	EndGlobalSection
	GlobalSection(SolutionProperties) = preSolution
		HideSolutionNode = FALSE
	EndGlobalSection
	GlobalSection(NestedProjects) = preSolution
		{18B4C9DD-FA91-4844-A390-3F81BEF8FB04} = {B03FEF3A-D1FD-4D0B-9A8F-6F54C777AECF}
		{E0688D84-FAD0-40A0-BB58-F14F6BC29187} = {7058DF08-BFE9-462E-A688-72082E09306A}
	EndGlobalSection
EndGlobal
